Microsoft Visual Studio Solution File, Format Version 12.00
# Visual Studio Version 17
VisualStudioVersion = 17.5.2.0
MinimumVisualStudioVersion = 10.0.40219.1
Project("{FAE04EC0-301F-11D3-BF4B-00C04F79EFBC}") = "hksBetterBlurPlugin", "hksBetterBlurPlugin\hksBetterBlurPlugin.csproj", "{FD4A9294-8360-3F4E-3B1E-EAED8AF600F8}"
EndProject
Global
	GlobalSection(SolutionConfigurationPlatforms) = preSolution
		Debug|Any CPU = Debug|Any CPU
		Release|Any CPU = Release|Any CPU
	EndGlobalSection
	GlobalSection(ProjectConfigurationPlatforms) = postSolution
		{FD4A9294-8360-3F4E-3B1E-EAED8AF600F8}.Debug|Any CPU.ActiveCfg = Debug|Any CPU
		{FD4A9294-8360-3F4E-3B1E-EAED8AF600F8}.Debug|Any CPU.Build.0 = Debug|Any CPU
		{FD4A9294-8360-3F4E-3B1E-EAED8AF600F8}.Release|Any CPU.ActiveCfg = Release|Any CPU
		{FD4A9294-8360-3F4E-3B1E-EAED8AF600F8}.Release|Any CPU.Build.0 = Release|Any CPU
	EndGlobalSection
	GlobalSection(SolutionProperties) = preSolution
		HideSolutionNode = FALSE
	EndGlobalSection
	GlobalSection(ExtensibilityGlobals) = postSolution
		SolutionGuid = {0AB022CD-8B6B-4F18-8B22-D43B4F2A26E8}
	EndGlobalSection
EndGlobal
